// !$*UTF8*$!
{
	archiveVersion = 1;
	classes = {
	};
	objectVersion = 50;
	objects = {

/* Begin PBXBuildFile section */
		351AE34E237F88AB00EA8B2D /* LoginView.swift in Sources */ = {isa = PBXBuildFile; fileRef = 351AE34D237F88AB00EA8B2D /* LoginView.swift */; };
		351AE350237F8AB000EA8B2D /* MainView.swift in Sources */ = {isa = PBXBuildFile; fileRef = 351AE34F237F8AB000EA8B2D /* MainView.swift */; };
		351AE352237F8B0B00EA8B2D /* UserView.swift in Sources */ = {isa = PBXBuildFile; fileRef = 351AE351237F8B0B00EA8B2D /* UserView.swift */; };
		3558CBE3237F7B0C008BD04A /* AppDelegate.swift in Sources */ = {isa = PBXBuildFile; fileRef = 3558CBE2237F7B0C008BD04A /* AppDelegate.swift */; };
		3558CBE5237F7B0C008BD04A /* SceneDelegate.swift in Sources */ = {isa = PBXBuildFile; fileRef = 3558CBE4237F7B0C008BD04A /* SceneDelegate.swift */; };
		3558CBE7237F7B0C008BD04A /* ContentView.swift in Sources */ = {isa = PBXBuildFile; fileRef = 3558CBE6237F7B0C008BD04A /* ContentView.swift */; };
		3558CBE9237F7B0E008BD04A /* Assets.xcassets in Resources */ = {isa = PBXBuildFile; fileRef = 3558CBE8237F7B0E008BD04A /* Assets.xcassets */; };
		3558CBEC237F7B0E008BD04A /* Preview Assets.xcassets in Resources */ = {isa = PBXBuildFile; fileRef = 3558CBEB237F7B0E008BD04A /* Preview Assets.xcassets */; };
		3558CBEF237F7B0E008BD04A /* LaunchScreen.storyboard in Resources */ = {isa = PBXBuildFile; fileRef = 3558CBED237F7B0E008BD04A /* LaunchScreen.storyboard */; };
		3558CBF8237F7C34008BD04A /* Thread.swift in Sources */ = {isa = PBXBuildFile; fileRef = 3558CBF7237F7C34008BD04A /* Thread.swift */; };
		3558CBFB237F7EA1008BD04A /* DataObjects.swift in Sources */ = {isa = PBXBuildFile; fileRef = 3558CBFA237F7EA1008BD04A /* DataObjects.swift */; };
		3558CBFD237F809A008BD04A /* NetworkManager.swift in Sources */ = {isa = PBXBuildFile; fileRef = 3558CBFC237F809A008BD04A /* NetworkManager.swift */; };
/* End PBXBuildFile section */

/* Begin PBXFileReference section */
		351AE34D237F88AB00EA8B2D /* LoginView.swift */ = {isa = PBXFileReference; lastKnownFileType = sourcecode.swift; path = LoginView.swift; sourceTree = "<group>"; };
		351AE34F237F8AB000EA8B2D /* MainView.swift */ = {isa = PBXFileReference; lastKnownFileType = sourcecode.swift; path = MainView.swift; sourceTree = "<group>"; };
		351AE351237F8B0B00EA8B2D /* UserView.swift */ = {isa = PBXFileReference; lastKnownFileType = sourcecode.swift; path = UserView.swift; sourceTree = "<group>"; };
		3558CBDF237F7B0C008BD04A /* SideEffects.app */ = {isa = PBXFileReference; explicitFileType = wrapper.application; includeInIndex = 0; path = SideEffects.app; sourceTree = BUILT_PRODUCTS_DIR; };
		3558CBE2237F7B0C008BD04A /* AppDelegate.swift */ = {isa = PBXFileReference; lastKnownFileType = sourcecode.swift; path = AppDelegate.swift; sourceTree = "<group>"; };
		3558CBE4237F7B0C008BD04A /* SceneDelegate.swift */ = {isa = PBXFileReference; lastKnownFileType = sourcecode.swift; path = SceneDelegate.swift; sourceTree = "<group>"; };
		3558CBE6237F7B0C008BD04A /* ContentView.swift */ = {isa = PBXFileReference; lastKnownFileType = sourcecode.swift; path = ContentView.swift; sourceTree = "<group>"; };
		3558CBE8237F7B0E008BD04A /* Assets.xcassets */ = {isa = PBXFileReference; lastKnownFileType = folder.assetcatalog; path = Assets.xcassets; sourceTree = "<group>"; };
		3558CBEB237F7B0E008BD04A /* Preview Assets.xcassets */ = {isa = PBXFileReference; lastKnownFileType = folder.assetcatalog; path = "Preview Assets.xcassets"; sourceTree = "<group>"; };
		3558CBEE237F7B0E008BD04A /* Base */ = {isa = PBXFileReference; lastKnownFileType = file.storyboard; name = Base; path = Base.lproj/LaunchScreen.storyboard; sourceTree = "<group>"; };
		3558CBF0237F7B0E008BD04A /* Info.plist */ = {isa = PBXFileReference; lastKnownFileType = text.plist.xml; path = Info.plist; sourceTree = "<group>"; };
		3558CBF7237F7C34008BD04A /* Thread.swift */ = {isa = PBXFileReference; lastKnownFileType = sourcecode.swift; path = Thread.swift; sourceTree = "<group>"; };
		3558CBFA237F7EA1008BD04A /* DataObjects.swift */ = {isa = PBXFileReference; lastKnownFileType = sourcecode.swift; path = DataObjects.swift; sourceTree = "<group>"; };
		3558CBFC237F809A008BD04A /* NetworkManager.swift */ = {isa = PBXFileReference; lastKnownFileType = sourcecode.swift; path = NetworkManager.swift; sourceTree = "<group>"; };
/* End PBXFileReference section */

/* Begin PBXFrameworksBuildPhase section */
		3558CBDC237F7B0C008BD04A /* Frameworks */ = {
			isa = PBXFrameworksBuildPhase;
			buildActionMask = 2147483647;
			files = (
			);
			runOnlyForDeploymentPostprocessing = 0;
		};
/* End PBXFrameworksBuildPhase section */

/* Begin PBXGroup section */
		3558CBD6237F7B0C008BD04A = {
			isa = PBXGroup;
			children = (
				3558CBE1237F7B0C008BD04A /* SideEffects */,
				3558CBE0237F7B0C008BD04A /* Products */,
			);
			sourceTree = "<group>";
		};
		3558CBE0237F7B0C008BD04A /* Products */ = {
			isa = PBXGroup;
			children = (
				3558CBDF237F7B0C008BD04A /* SideEffects.app */,
			);
			name = Products;
			sourceTree = "<group>";
		};
		3558CBE1237F7B0C008BD04A /* SideEffects */ = {
			isa = PBXGroup;
			children = (
				3558CBF9237F7D45008BD04A /* Supporting Views */,
				3558CBF6237F7B88008BD04A /* Models */,
				3558CBE2237F7B0C008BD04A /* AppDelegate.swift */,
				3558CBE4237F7B0C008BD04A /* SceneDelegate.swift */,
				3558CBE6237F7B0C008BD04A /* ContentView.swift */,
				3558CBE8237F7B0E008BD04A /* Assets.xcassets */,
				3558CBED237F7B0E008BD04A /* LaunchScreen.storyboard */,
				3558CBF0237F7B0E008BD04A /* Info.plist */,
				3558CBEA237F7B0E008BD04A /* Preview Content */,
			);
			path = SideEffects;
			sourceTree = "<group>";
		};
		3558CBEA237F7B0E008BD04A /* Preview Content */ = {
			isa = PBXGroup;
			children = (
				3558CBEB237F7B0E008BD04A /* Preview Assets.xcassets */,
			);
			path = "Preview Content";
			sourceTree = "<group>";
		};
		3558CBF6237F7B88008BD04A /* Models */ = {
			isa = PBXGroup;
			children = (
				3558CBF7237F7C34008BD04A /* Thread.swift */,
				3558CBFA237F7EA1008BD04A /* DataObjects.swift */,
				3558CBFC237F809A008BD04A /* NetworkManager.swift */,
			);
			path = Models;
			sourceTree = "<group>";
		};
		3558CBF9237F7D45008BD04A /* Supporting Views */ = {
			isa = PBXGroup;
			children = (
				351AE34D237F88AB00EA8B2D /* LoginView.swift */,
				351AE34F237F8AB000EA8B2D /* MainView.swift */,
				351AE351237F8B0B00EA8B2D /* UserView.swift */,
			);
			path = "Supporting Views";
			sourceTree = "<group>";
		};
/* End PBXGroup section */

/* Begin PBXNativeTarget section */
		3558CBDE237F7B0C008BD04A /* SideEffects */ = {
			isa = PBXNativeTarget;
			buildConfigurationList = 3558CBF3237F7B0E008BD04A /* Build configuration list for PBXNativeTarget "SideEffects" */;
			buildPhases = (
				3558CBDB237F7B0C008BD04A /* Sources */,
				3558CBDC237F7B0C008BD04A /* Frameworks */,
				3558CBDD237F7B0C008BD04A /* Resources */,
			);
			buildRules = (
			);
			dependencies = (
			);
			name = SideEffects;
			productName = SideEffects;
			productReference = 3558CBDF237F7B0C008BD04A /* SideEffects.app */;
			productType = "com.apple.product-type.application";
		};
/* End PBXNativeTarget section */

/* Begin PBXProject section */
		3558CBD7237F7B0C008BD04A /* Project object */ = {
			isa = PBXProject;
			attributes = {
				LastSwiftUpdateCheck = 1120;
				LastUpgradeCheck = 1120;
				ORGANIZATIONNAME = "Kevin Tran";
				TargetAttributes = {
					3558CBDE237F7B0C008BD04A = {
						CreatedOnToolsVersion = 11.2;
					};
				};
			};
			buildConfigurationList = 3558CBDA237F7B0C008BD04A /* Build configuration list for PBXProject "SideEffects" */;
			compatibilityVersion = "Xcode 9.3";
			developmentRegion = en;
			hasScannedForEncodings = 0;
			knownRegions = (
				en,
				Base,
			);
			mainGroup = 3558CBD6237F7B0C008BD04A;
			productRefGroup = 3558CBE0237F7B0C008BD04A /* Products */;
			projectDirPath = "";
			projectRoot = "";
			targets = (
				3558CBDE237F7B0C008BD04A /* SideEffects */,
			);
		};
/* End PBXProject section */

/* Begin PBXResourcesBuildPhase section */
		3558CBDD237F7B0C008BD04A /* Resources */ = {
			isa = PBXResourcesBuildPhase;
			buildActionMask = 2147483647;
			files = (
				3558CBEF237F7B0E008BD04A /* LaunchScreen.storyboard in Resources */,
				3558CBEC237F7B0E008BD04A /* Preview Assets.xcassets in Resources */,
				3558CBE9237F7B0E008BD04A /* Assets.xcassets in Resources */,
			);
			runOnlyForDeploymentPostprocessing = 0;
		};
/* End PBXResourcesBuildPhase section */

/* Begin PBXSourcesBuildPhase section */
		3558CBDB237F7B0C008BD04A /* Sources */ = {
			isa = PBXSourcesBuildPhase;
			buildActionMask = 2147483647;
			files = (
				3558CBFD237F809A008BD04A /* NetworkManager.swift in Sources */,
				351AE350237F8AB000EA8B2D /* MainView.swift in Sources */,
				351AE34E237F88AB00EA8B2D /* LoginView.swift in Sources */,
				3558CBE3237F7B0C008BD04A /* AppDelegate.swift in Sources */,
				3558CBFB237F7EA1008BD04A /* DataObjects.swift in Sources */,
				3558CBE5237F7B0C008BD04A /* SceneDelegate.swift in Sources */,
				3558CBE7237F7B0C008BD04A /* ContentView.swift in Sources */,
				351AE352237F8B0B00EA8B2D /* UserView.swift in Sources */,
				3558CBF8237F7C34008BD04A /* Thread.swift in Sources */,
			);
			runOnlyForDeploymentPostprocessing = 0;
		};
/* End PBXSourcesBuildPhase section */

/* Begin PBXVariantGroup section */
		3558CBED237F7B0E008BD04A /* LaunchScreen.storyboard */ = {
			isa = PBXVariantGroup;
			children = (
				3558CBEE237F7B0E008BD04A /* Base */,
			);
			name = LaunchScreen.storyboard;
			sourceTree = "<group>";
		};
/* End PBXVariantGroup section */

/* Begin XCBuildConfiguration section */
		3558CBF1237F7B0E008BD04A /* Debug */ = {
			isa = XCBuildConfiguration;
			buildSettings = {
				ALWAYS_SEARCH_USER_PATHS = NO;
				CLANG_ANALYZER_NONNULL = YES;
				CLANG_ANALYZER_NUMBER_OBJECT_CONVERSION = YES_AGGRESSIVE;
				CLANG_CXX_LANGUAGE_STANDARD = "gnu++14";
				CLANG_CXX_LIBRARY = "libc++";
				CLANG_ENABLE_MODULES = YES;
				CLANG_ENABLE_OBJC_ARC = YES;
				CLANG_ENABLE_OBJC_WEAK = YES;
				CLANG_WARN_BLOCK_CAPTURE_AUTORELEASING = YES;
				CLANG_WARN_BOOL_CONVERSION = YES;
				CLANG_WARN_COMMA = YES;
				CLANG_WARN_CONSTANT_CONVERSION = YES;
				CLANG_WARN_DEPRECATED_OBJC_IMPLEMENTATIONS = YES;
				CLANG_WARN_DIRECT_OBJC_ISA_USAGE = YES_ERROR;
				CLANG_WARN_DOCUMENTATION_COMMENTS = YES;
				CLANG_WARN_EMPTY_BODY = YES;
				CLANG_WARN_ENUM_CONVERSION = YES;
				CLANG_WARN_INFINITE_RECURSION = YES;
				CLANG_WARN_INT_CONVERSION = YES;
				CLANG_WARN_NON_LITERAL_NULL_CONVERSION = YES;
				CLANG_WARN_OBJC_IMPLICIT_RETAIN_SELF = YES;
				CLANG_WARN_OBJC_LITERAL_CONVERSION = YES;
				CLANG_WARN_OBJC_ROOT_CLASS = YES_ERROR;
				CLANG_WARN_RANGE_LOOP_ANALYSIS = YES;
				CLANG_WARN_STRICT_PROTOTYPES = YES;
				CLANG_WARN_SUSPICIOUS_MOVE = YES;
				CLANG_WARN_UNGUARDED_AVAILABILITY = YES_AGGRESSIVE;
				CLANG_WARN_UNREACHABLE_CODE = YES;
				CLANG_WARN__DUPLICATE_METHOD_MATCH = YES;
				COPY_PHASE_STRIP = NO;
				DEBUG_INFORMATION_FORMAT = dwarf;
				ENABLE_STRICT_OBJC_MSGSEND = YES;
				ENABLE_TESTABILITY = YES;
				GCC_C_LANGUAGE_STANDARD = gnu11;
				GCC_DYNAMIC_NO_PIC = NO;
				GCC_NO_COMMON_BLOCKS = YES;
				GCC_OPTIMIZATION_LEVEL = 0;
				GCC_PREPROCESSOR_DEFINITIONS = (
					"DEBUG=1",
					"$(inherited)",
				);
				GCC_WARN_64_TO_32_BIT_CONVERSION = YES;
				GCC_WARN_ABOUT_RETURN_TYPE = YES_ERROR;
				GCC_WARN_UNDECLARED_SELECTOR = YES;
				GCC_WARN_UNINITIALIZED_AUTOS = YES_AGGRESSIVE;
				GCC_WARN_UNUSED_FUNCTION = YES;
				GCC_WARN_UNUSED_VARIABLE = YES;
				IPHONEOS_DEPLOYMENT_TARGET = 13.2;
				MTL_ENABLE_DEBUG_INFO = INCLUDE_SOURCE;
				MTL_FAST_MATH = YES;
				ONLY_ACTIVE_ARCH = YES;
				SDKROOT = iphoneos;
				SWIFT_ACTIVE_COMPILATION_CONDITIONS = DEBUG;
				SWIFT_OPTIMIZATION_LEVEL = "-Onone";
			};
			name = Debug;
		};
		3558CBF2237F7B0E008BD04A /* Release */ = {
			isa = XCBuildConfiguration;
			buildSettings = {
				ALWAYS_SEARCH_USER_PATHS = NO;
				CLANG_ANALYZER_NONNULL = YES;
				CLANG_ANALYZER_NUMBER_OBJECT_CONVERSION = YES_AGGRESSIVE;
				CLANG_CXX_LANGUAGE_STANDARD = "gnu++14";
				CLANG_CXX_LIBRARY = "libc++";
				CLANG_ENABLE_MODULES = YES;
				CLANG_ENABLE_OBJC_ARC = YES;
				CLANG_ENABLE_OBJC_WEAK = YES;
				CLANG_WARN_BLOCK_CAPTURE_AUTORELEASING = YES;
				CLANG_WARN_BOOL_CONVERSION = YES;
				CLANG_WARN_COMMA = YES;
				CLANG_WARN_CONSTANT_CONVERSION = YES;
				CLANG_WARN_DEPRECATED_OBJC_IMPLEMENTATIONS = YES;
				CLANG_WARN_DIRECT_OBJC_ISA_USAGE = YES_ERROR;
				CLANG_WARN_DOCUMENTATION_COMMENTS = YES;
				CLANG_WARN_EMPTY_BODY = YES;
				CLANG_WARN_ENUM_CONVERSION = YES;
				CLANG_WARN_INFINITE_RECURSION = YES;
				CLANG_WARN_INT_CONVERSION = YES;
				CLANG_WARN_NON_LITERAL_NULL_CONVERSION = YES;
				CLANG_WARN_OBJC_IMPLICIT_RETAIN_SELF = YES;
				CLANG_WARN_OBJC_LITERAL_CONVERSION = YES;
				CLANG_WARN_OBJC_ROOT_CLASS = YES_ERROR;
				CLANG_WARN_RANGE_LOOP_ANALYSIS = YES;
				CLANG_WARN_STRICT_PROTOTYPES = YES;
				CLANG_WARN_SUSPICIOUS_MOVE = YES;
				CLANG_WARN_UNGUARDED_AVAILABILITY = YES_AGGRESSIVE;
				CLANG_WARN_UNREACHABLE_CODE = YES;
				CLANG_WARN__DUPLICATE_METHOD_MATCH = YES;
				COPY_PHASE_STRIP = NO;
				DEBUG_INFORMATION_FORMAT = "dwarf-with-dsym";
				ENABLE_NS_ASSERTIONS = NO;
				ENABLE_STRICT_OBJC_MSGSEND = YES;
				GCC_C_LANGUAGE_STANDARD = gnu11;
				GCC_NO_COMMON_BLOCKS = YES;
				GCC_WARN_64_TO_32_BIT_CONVERSION = YES;
				GCC_WARN_ABOUT_RETURN_TYPE = YES_ERROR;
				GCC_WARN_UNDECLARED_SELECTOR = YES;
				GCC_WARN_UNINITIALIZED_AUTOS = YES_AGGRESSIVE;
				GCC_WARN_UNUSED_FUNCTION = YES;
				GCC_WARN_UNUSED_VARIABLE = YES;
				IPHONEOS_DEPLOYMENT_TARGET = 13.2;
				MTL_ENABLE_DEBUG_INFO = NO;
				MTL_FAST_MATH = YES;
				SDKROOT = iphoneos;
				SWIFT_COMPILATION_MODE = wholemodule;
				SWIFT_OPTIMIZATION_LEVEL = "-O";
				VALIDATE_PRODUCT = YES;
			};
			name = Release;
		};
		3558CBF4237F7B0E008BD04A /* Debug */ = {
			isa = XCBuildConfiguration;
			buildSettings = {
				ASSETCATALOG_COMPILER_APPICON_NAME = AppIcon;
				CODE_SIGN_STYLE = Automatic;
				DEVELOPMENT_ASSET_PATHS = "\"SideEffects/Preview Content\"";
				ENABLE_PREVIEWS = YES;
				INFOPLIST_FILE = SideEffects/Info.plist;
				LD_RUNPATH_SEARCH_PATHS = (
					"$(inherited)",
					"@executable_path/Frameworks",
				);
				PRODUCT_BUNDLE_IDENTIFIER = CancerBase.SideEffects;
				PRODUCT_NAME = "$(TARGET_NAME)";
				SWIFT_VERSION = 5.0;
				TARGETED_DEVICE_FAMILY = "1,2";
			};
			name = Debug;
		};
		3558CBF5237F7B0E008BD04A /* Release */ = {
			isa = XCBuildConfiguration;
			buildSettings = {
				ASSETCATALOG_COMPILER_APPICON_NAME = AppIcon;
				CODE_SIGN_STYLE = Automatic;
				DEVELOPMENT_ASSET_PATHS = "\"SideEffects/Preview Content\"";
				ENABLE_PREVIEWS = YES;
				INFOPLIST_FILE = SideEffects/Info.plist;
				LD_RUNPATH_SEARCH_PATHS = (
					"$(inherited)",
					"@executable_path/Frameworks",
				);
				PRODUCT_BUNDLE_IDENTIFIER = CancerBase.SideEffects;
				PRODUCT_NAME = "$(TARGET_NAME)";
				SWIFT_VERSION = 5.0;
				TARGETED_DEVICE_FAMILY = "1,2";
			};
			name = Release;
		};
/* End XCBuildConfiguration section */

/* Begin XCConfigurationList section */
		3558CBDA237F7B0C008BD04A /* Build configuration list for PBXProject "SideEffects" */ = {
			isa = XCConfigurationList;
			buildConfigurations = (
				3558CBF1237F7B0E008BD04A /* Debug */,
				3558CBF2237F7B0E008BD04A /* Release */,
			);
			defaultConfigurationIsVisible = 0;
			defaultConfigurationName = Release;
		};
		3558CBF3237F7B0E008BD04A /* Build configuration list for PBXNativeTarget "SideEffects" */ = {
			isa = XCConfigurationList;
			buildConfigurations = (
				3558CBF4237F7B0E008BD04A /* Debug */,
				3558CBF5237F7B0E008BD04A /* Release */,
			);
			defaultConfigurationIsVisible = 0;
			defaultConfigurationName = Release;
		};
/* End XCConfigurationList section */
	};
	rootObject = 3558CBD7237F7B0C008BD04A /* Project object */;
}
