// !$*UTF8*$!
{
	archiveVersion = 1;
	classes = {
	};
	objectVersion = 50;
	objects = {

/* Begin PBXBuildFile section */
		3518DECE23615EFD00B3CCF7 /* QuestionRow.swift in Sources */ = {isa = PBXBuildFile; fileRef = 3518DECD23615EFD00B3CCF7 /* QuestionRow.swift */; };
		3518DED02361807000B3CCF7 /* NewQuestion.swift in Sources */ = {isa = PBXBuildFile; fileRef = 3518DECF2361807000B3CCF7 /* NewQuestion.swift */; };
		358CEA502360D4040047B532 /* AppDelegate.swift in Sources */ = {isa = PBXBuildFile; fileRef = 358CEA4F2360D4040047B532 /* AppDelegate.swift */; };
		358CEA522360D4040047B532 /* SceneDelegate.swift in Sources */ = {isa = PBXBuildFile; fileRef = 358CEA512360D4040047B532 /* SceneDelegate.swift */; };
		358CEA542360D4040047B532 /* ThreadList.swift in Sources */ = {isa = PBXBuildFile; fileRef = 358CEA532360D4040047B532 /* ThreadList.swift */; };
		358CEA562360D4050047B532 /* Assets.xcassets in Resources */ = {isa = PBXBuildFile; fileRef = 358CEA552360D4050047B532 /* Assets.xcassets */; };
		358CEA592360D4050047B532 /* Preview Assets.xcassets in Resources */ = {isa = PBXBuildFile; fileRef = 358CEA582360D4050047B532 /* Preview Assets.xcassets */; };
		358CEA5C2360D4050047B532 /* LaunchScreen.storyboard in Resources */ = {isa = PBXBuildFile; fileRef = 358CEA5A2360D4050047B532 /* LaunchScreen.storyboard */; };
		35CAB1F62365189000FBB535 /* NetworkManager.swift in Sources */ = {isa = PBXBuildFile; fileRef = 35CAB1F52365189000FBB535 /* NetworkManager.swift */; };
		35EC2F3C236116AB00E17E3C /* Thread.swift in Sources */ = {isa = PBXBuildFile; fileRef = 35EC2F3B236116AB00E17E3C /* Thread.swift */; };
		35EC2F4423611BD900E17E3C /* ThreadRow.swift in Sources */ = {isa = PBXBuildFile; fileRef = 35EC2F4323611BD900E17E3C /* ThreadRow.swift */; };
		35EC2F4623611F2E00E17E3C /* ThreadDetail.swift in Sources */ = {isa = PBXBuildFile; fileRef = 35EC2F4523611F2E00E17E3C /* ThreadDetail.swift */; };
/* End PBXBuildFile section */

/* Begin PBXFileReference section */
		3518DECD23615EFD00B3CCF7 /* QuestionRow.swift */ = {isa = PBXFileReference; lastKnownFileType = sourcecode.swift; path = QuestionRow.swift; sourceTree = "<group>"; };
		3518DECF2361807000B3CCF7 /* NewQuestion.swift */ = {isa = PBXFileReference; lastKnownFileType = sourcecode.swift; path = NewQuestion.swift; sourceTree = "<group>"; };
		358CEA4C2360D4040047B532 /* SideEffect.app */ = {isa = PBXFileReference; explicitFileType = wrapper.application; includeInIndex = 0; path = SideEffect.app; sourceTree = BUILT_PRODUCTS_DIR; };
		358CEA4F2360D4040047B532 /* AppDelegate.swift */ = {isa = PBXFileReference; lastKnownFileType = sourcecode.swift; path = AppDelegate.swift; sourceTree = "<group>"; };
		358CEA512360D4040047B532 /* SceneDelegate.swift */ = {isa = PBXFileReference; lastKnownFileType = sourcecode.swift; path = SceneDelegate.swift; sourceTree = "<group>"; };
		358CEA532360D4040047B532 /* ThreadList.swift */ = {isa = PBXFileReference; lastKnownFileType = sourcecode.swift; path = ThreadList.swift; sourceTree = "<group>"; };
		358CEA552360D4050047B532 /* Assets.xcassets */ = {isa = PBXFileReference; lastKnownFileType = folder.assetcatalog; path = Assets.xcassets; sourceTree = "<group>"; };
		358CEA582360D4050047B532 /* Preview Assets.xcassets */ = {isa = PBXFileReference; lastKnownFileType = folder.assetcatalog; path = "Preview Assets.xcassets"; sourceTree = "<group>"; };
		358CEA5B2360D4050047B532 /* Base */ = {isa = PBXFileReference; lastKnownFileType = file.storyboard; name = Base; path = Base.lproj/LaunchScreen.storyboard; sourceTree = "<group>"; };
		358CEA5D2360D4050047B532 /* Info.plist */ = {isa = PBXFileReference; lastKnownFileType = text.plist.xml; path = Info.plist; sourceTree = "<group>"; };
		35CAB1F52365189000FBB535 /* NetworkManager.swift */ = {isa = PBXFileReference; lastKnownFileType = sourcecode.swift; path = NetworkManager.swift; sourceTree = "<group>"; };
		35EC2F3B236116AB00E17E3C /* Thread.swift */ = {isa = PBXFileReference; lastKnownFileType = sourcecode.swift; path = Thread.swift; sourceTree = "<group>"; };
		35EC2F4323611BD900E17E3C /* ThreadRow.swift */ = {isa = PBXFileReference; lastKnownFileType = sourcecode.swift; path = ThreadRow.swift; sourceTree = "<group>"; };
		35EC2F4523611F2E00E17E3C /* ThreadDetail.swift */ = {isa = PBXFileReference; lastKnownFileType = sourcecode.swift; path = ThreadDetail.swift; sourceTree = "<group>"; };
/* End PBXFileReference section */

/* Begin PBXFrameworksBuildPhase section */
		358CEA492360D4040047B532 /* Frameworks */ = {
			isa = PBXFrameworksBuildPhase;
			buildActionMask = 2147483647;
			files = (
			);
			runOnlyForDeploymentPostprocessing = 0;
		};
/* End PBXFrameworksBuildPhase section */

/* Begin PBXGroup section */
		358CEA432360D4030047B532 = {
			isa = PBXGroup;
			children = (
				358CEA4E2360D4040047B532 /* SideEffect */,
				358CEA4D2360D4040047B532 /* Products */,
			);
			sourceTree = "<group>";
		};
		358CEA4D2360D4040047B532 /* Products */ = {
			isa = PBXGroup;
			children = (
				358CEA4C2360D4040047B532 /* SideEffect.app */,
			);
			name = Products;
			sourceTree = "<group>";
		};
		358CEA4E2360D4040047B532 /* SideEffect */ = {
			isa = PBXGroup;
			children = (
				35EC2F4223611BB000E17E3C /* Supporting Views */,
				35EC2F3A2361162000E17E3C /* Model */,
				358CEA4F2360D4040047B532 /* AppDelegate.swift */,
				358CEA512360D4040047B532 /* SceneDelegate.swift */,
				358CEA532360D4040047B532 /* ThreadList.swift */,
				35EC2F4523611F2E00E17E3C /* ThreadDetail.swift */,
				358CEA552360D4050047B532 /* Assets.xcassets */,
				358CEA5A2360D4050047B532 /* LaunchScreen.storyboard */,
				358CEA5D2360D4050047B532 /* Info.plist */,
				358CEA572360D4050047B532 /* Preview Content */,
			);
			path = SideEffect;
			sourceTree = "<group>";
		};
		358CEA572360D4050047B532 /* Preview Content */ = {
			isa = PBXGroup;
			children = (
				358CEA582360D4050047B532 /* Preview Assets.xcassets */,
			);
			path = "Preview Content";
			sourceTree = "<group>";
		};
		35EC2F3A2361162000E17E3C /* Model */ = {
			isa = PBXGroup;
			children = (
				35EC2F3B236116AB00E17E3C /* Thread.swift */,
				35CAB1F52365189000FBB535 /* NetworkManager.swift */,
			);
			path = Model;
			sourceTree = "<group>";
		};
		35EC2F4223611BB000E17E3C /* Supporting Views */ = {
			isa = PBXGroup;
			children = (
				35EC2F4323611BD900E17E3C /* ThreadRow.swift */,
				3518DECD23615EFD00B3CCF7 /* QuestionRow.swift */,
				3518DECF2361807000B3CCF7 /* NewQuestion.swift */,
			);
			path = "Supporting Views";
			sourceTree = "<group>";
		};
/* End PBXGroup section */

/* Begin PBXNativeTarget section */
		358CEA4B2360D4040047B532 /* SideEffect */ = {
			isa = PBXNativeTarget;
			buildConfigurationList = 358CEA602360D4050047B532 /* Build configuration list for PBXNativeTarget "SideEffect" */;
			buildPhases = (
				358CEA482360D4040047B532 /* Sources */,
				358CEA492360D4040047B532 /* Frameworks */,
				358CEA4A2360D4040047B532 /* Resources */,
			);
			buildRules = (
			);
			dependencies = (
			);
			name = SideEffect;
			productName = SideEffect;
			productReference = 358CEA4C2360D4040047B532 /* SideEffect.app */;
			productType = "com.apple.product-type.application";
		};
/* End PBXNativeTarget section */

/* Begin PBXProject section */
		358CEA442360D4030047B532 /* Project object */ = {
			isa = PBXProject;
			attributes = {
				LastSwiftUpdateCheck = 1110;
				LastUpgradeCheck = 1110;
				ORGANIZATIONNAME = "Kevin Tran";
				TargetAttributes = {
					358CEA4B2360D4040047B532 = {
						CreatedOnToolsVersion = 11.1;
					};
				};
			};
			buildConfigurationList = 358CEA472360D4030047B532 /* Build configuration list for PBXProject "SideEffect" */;
			compatibilityVersion = "Xcode 9.3";
			developmentRegion = en;
			hasScannedForEncodings = 0;
			knownRegions = (
				en,
				Base,
			);
			mainGroup = 358CEA432360D4030047B532;
			productRefGroup = 358CEA4D2360D4040047B532 /* Products */;
			projectDirPath = "";
			projectRoot = "";
			targets = (
				358CEA4B2360D4040047B532 /* SideEffect */,
			);
		};
/* End PBXProject section */

/* Begin PBXResourcesBuildPhase section */
		358CEA4A2360D4040047B532 /* Resources */ = {
			isa = PBXResourcesBuildPhase;
			buildActionMask = 2147483647;
			files = (
				358CEA5C2360D4050047B532 /* LaunchScreen.storyboard in Resources */,
				358CEA592360D4050047B532 /* Preview Assets.xcassets in Resources */,
				358CEA562360D4050047B532 /* Assets.xcassets in Resources */,
			);
			runOnlyForDeploymentPostprocessing = 0;
		};
/* End PBXResourcesBuildPhase section */

/* Begin PBXSourcesBuildPhase section */
		358CEA482360D4040047B532 /* Sources */ = {
			isa = PBXSourcesBuildPhase;
			buildActionMask = 2147483647;
			files = (
				358CEA502360D4040047B532 /* AppDelegate.swift in Sources */,
				3518DED02361807000B3CCF7 /* NewQuestion.swift in Sources */,
				35CAB1F62365189000FBB535 /* NetworkManager.swift in Sources */,
				35EC2F4423611BD900E17E3C /* ThreadRow.swift in Sources */,
				358CEA522360D4040047B532 /* SceneDelegate.swift in Sources */,
				3518DECE23615EFD00B3CCF7 /* QuestionRow.swift in Sources */,
				358CEA542360D4040047B532 /* ThreadList.swift in Sources */,
				35EC2F4623611F2E00E17E3C /* ThreadDetail.swift in Sources */,
				35EC2F3C236116AB00E17E3C /* Thread.swift in Sources */,
			);
			runOnlyForDeploymentPostprocessing = 0;
		};
/* End PBXSourcesBuildPhase section */

/* Begin PBXVariantGroup section */
		358CEA5A2360D4050047B532 /* LaunchScreen.storyboard */ = {
			isa = PBXVariantGroup;
			children = (
				358CEA5B2360D4050047B532 /* Base */,
			);
			name = LaunchScreen.storyboard;
			sourceTree = "<group>";
		};
/* End PBXVariantGroup section */

/* Begin XCBuildConfiguration section */
		358CEA5E2360D4050047B532 /* Debug */ = {
			isa = XCBuildConfiguration;
			buildSettings = {
				ALWAYS_SEARCH_USER_PATHS = NO;
				CLANG_ANALYZER_NONNULL = YES;
				CLANG_ANALYZER_NUMBER_OBJECT_CONVERSION = YES_AGGRESSIVE;
				CLANG_CXX_LANGUAGE_STANDARD = "gnu++14";
				CLANG_CXX_LIBRARY = "libc++";
				CLANG_ENABLE_MODULES = YES;
				CLANG_ENABLE_OBJC_ARC = YES;
				CLANG_ENABLE_OBJC_WEAK = YES;
				CLANG_WARN_BLOCK_CAPTURE_AUTORELEASING = YES;
				CLANG_WARN_BOOL_CONVERSION = YES;
				CLANG_WARN_COMMA = YES;
				CLANG_WARN_CONSTANT_CONVERSION = YES;
				CLANG_WARN_DEPRECATED_OBJC_IMPLEMENTATIONS = YES;
				CLANG_WARN_DIRECT_OBJC_ISA_USAGE = YES_ERROR;
				CLANG_WARN_DOCUMENTATION_COMMENTS = YES;
				CLANG_WARN_EMPTY_BODY = YES;
				CLANG_WARN_ENUM_CONVERSION = YES;
				CLANG_WARN_INFINITE_RECURSION = YES;
				CLANG_WARN_INT_CONVERSION = YES;
				CLANG_WARN_NON_LITERAL_NULL_CONVERSION = YES;
				CLANG_WARN_OBJC_IMPLICIT_RETAIN_SELF = YES;
				CLANG_WARN_OBJC_LITERAL_CONVERSION = YES;
				CLANG_WARN_OBJC_ROOT_CLASS = YES_ERROR;
				CLANG_WARN_RANGE_LOOP_ANALYSIS = YES;
				CLANG_WARN_STRICT_PROTOTYPES = YES;
				CLANG_WARN_SUSPICIOUS_MOVE = YES;
				CLANG_WARN_UNGUARDED_AVAILABILITY = YES_AGGRESSIVE;
				CLANG_WARN_UNREACHABLE_CODE = YES;
				CLANG_WARN__DUPLICATE_METHOD_MATCH = YES;
				COPY_PHASE_STRIP = NO;
				DEBUG_INFORMATION_FORMAT = dwarf;
				ENABLE_STRICT_OBJC_MSGSEND = YES;
				ENABLE_TESTABILITY = YES;
				GCC_C_LANGUAGE_STANDARD = gnu11;
				GCC_DYNAMIC_NO_PIC = NO;
				GCC_NO_COMMON_BLOCKS = YES;
				GCC_OPTIMIZATION_LEVEL = 0;
				GCC_PREPROCESSOR_DEFINITIONS = (
					"DEBUG=1",
					"$(inherited)",
				);
				GCC_WARN_64_TO_32_BIT_CONVERSION = YES;
				GCC_WARN_ABOUT_RETURN_TYPE = YES_ERROR;
				GCC_WARN_UNDECLARED_SELECTOR = YES;
				GCC_WARN_UNINITIALIZED_AUTOS = YES_AGGRESSIVE;
				GCC_WARN_UNUSED_FUNCTION = YES;
				GCC_WARN_UNUSED_VARIABLE = YES;
				IPHONEOS_DEPLOYMENT_TARGET = 13.1;
				MTL_ENABLE_DEBUG_INFO = INCLUDE_SOURCE;
				MTL_FAST_MATH = YES;
				ONLY_ACTIVE_ARCH = YES;
				SDKROOT = iphoneos;
				SWIFT_ACTIVE_COMPILATION_CONDITIONS = DEBUG;
				SWIFT_OPTIMIZATION_LEVEL = "-Onone";
			};
			name = Debug;
		};
		358CEA5F2360D4050047B532 /* Release */ = {
			isa = XCBuildConfiguration;
			buildSettings = {
				ALWAYS_SEARCH_USER_PATHS = NO;
				CLANG_ANALYZER_NONNULL = YES;
				CLANG_ANALYZER_NUMBER_OBJECT_CONVERSION = YES_AGGRESSIVE;
				CLANG_CXX_LANGUAGE_STANDARD = "gnu++14";
				CLANG_CXX_LIBRARY = "libc++";
				CLANG_ENABLE_MODULES = YES;
				CLANG_ENABLE_OBJC_ARC = YES;
				CLANG_ENABLE_OBJC_WEAK = YES;
				CLANG_WARN_BLOCK_CAPTURE_AUTORELEASING = YES;
				CLANG_WARN_BOOL_CONVERSION = YES;
				CLANG_WARN_COMMA = YES;
				CLANG_WARN_CONSTANT_CONVERSION = YES;
				CLANG_WARN_DEPRECATED_OBJC_IMPLEMENTATIONS = YES;
				CLANG_WARN_DIRECT_OBJC_ISA_USAGE = YES_ERROR;
				CLANG_WARN_DOCUMENTATION_COMMENTS = YES;
				CLANG_WARN_EMPTY_BODY = YES;
				CLANG_WARN_ENUM_CONVERSION = YES;
				CLANG_WARN_INFINITE_RECURSION = YES;
				CLANG_WARN_INT_CONVERSION = YES;
				CLANG_WARN_NON_LITERAL_NULL_CONVERSION = YES;
				CLANG_WARN_OBJC_IMPLICIT_RETAIN_SELF = YES;
				CLANG_WARN_OBJC_LITERAL_CONVERSION = YES;
				CLANG_WARN_OBJC_ROOT_CLASS = YES_ERROR;
				CLANG_WARN_RANGE_LOOP_ANALYSIS = YES;
				CLANG_WARN_STRICT_PROTOTYPES = YES;
				CLANG_WARN_SUSPICIOUS_MOVE = YES;
				CLANG_WARN_UNGUARDED_AVAILABILITY = YES_AGGRESSIVE;
				CLANG_WARN_UNREACHABLE_CODE = YES;
				CLANG_WARN__DUPLICATE_METHOD_MATCH = YES;
				COPY_PHASE_STRIP = NO;
				DEBUG_INFORMATION_FORMAT = "dwarf-with-dsym";
				ENABLE_NS_ASSERTIONS = NO;
				ENABLE_STRICT_OBJC_MSGSEND = YES;
				GCC_C_LANGUAGE_STANDARD = gnu11;
				GCC_NO_COMMON_BLOCKS = YES;
				GCC_WARN_64_TO_32_BIT_CONVERSION = YES;
				GCC_WARN_ABOUT_RETURN_TYPE = YES_ERROR;
				GCC_WARN_UNDECLARED_SELECTOR = YES;
				GCC_WARN_UNINITIALIZED_AUTOS = YES_AGGRESSIVE;
				GCC_WARN_UNUSED_FUNCTION = YES;
				GCC_WARN_UNUSED_VARIABLE = YES;
				IPHONEOS_DEPLOYMENT_TARGET = 13.1;
				MTL_ENABLE_DEBUG_INFO = NO;
				MTL_FAST_MATH = YES;
				SDKROOT = iphoneos;
				SWIFT_COMPILATION_MODE = wholemodule;
				SWIFT_OPTIMIZATION_LEVEL = "-O";
				VALIDATE_PRODUCT = YES;
			};
			name = Release;
		};
		358CEA612360D4050047B532 /* Debug */ = {
			isa = XCBuildConfiguration;
			buildSettings = {
				ASSETCATALOG_COMPILER_APPICON_NAME = AppIcon;
				CODE_SIGN_STYLE = Automatic;
				DEVELOPMENT_ASSET_PATHS = "\"SideEffect/Preview Content\"";
				ENABLE_PREVIEWS = YES;
				INFOPLIST_FILE = SideEffect/Info.plist;
				LD_RUNPATH_SEARCH_PATHS = (
					"$(inherited)",
					"@executable_path/Frameworks",
				);
				PRODUCT_BUNDLE_IDENTIFIER = GRIDS.SideEffect;
				PRODUCT_NAME = "$(TARGET_NAME)";
				SWIFT_VERSION = 5.0;
				TARGETED_DEVICE_FAMILY = "1,2";
			};
			name = Debug;
		};
		358CEA622360D4050047B532 /* Release */ = {
			isa = XCBuildConfiguration;
			buildSettings = {
				ASSETCATALOG_COMPILER_APPICON_NAME = AppIcon;
				CODE_SIGN_STYLE = Automatic;
				DEVELOPMENT_ASSET_PATHS = "\"SideEffect/Preview Content\"";
				ENABLE_PREVIEWS = YES;
				INFOPLIST_FILE = SideEffect/Info.plist;
				LD_RUNPATH_SEARCH_PATHS = (
					"$(inherited)",
					"@executable_path/Frameworks",
				);
				PRODUCT_BUNDLE_IDENTIFIER = GRIDS.SideEffect;
				PRODUCT_NAME = "$(TARGET_NAME)";
				SWIFT_VERSION = 5.0;
				TARGETED_DEVICE_FAMILY = "1,2";
			};
			name = Release;
		};
/* End XCBuildConfiguration section */

/* Begin XCConfigurationList section */
		358CEA472360D4030047B532 /* Build configuration list for PBXProject "SideEffect" */ = {
			isa = XCConfigurationList;
			buildConfigurations = (
				358CEA5E2360D4050047B532 /* Debug */,
				358CEA5F2360D4050047B532 /* Release */,
			);
			defaultConfigurationIsVisible = 0;
			defaultConfigurationName = Release;
		};
		358CEA602360D4050047B532 /* Build configuration list for PBXNativeTarget "SideEffect" */ = {
			isa = XCConfigurationList;
			buildConfigurations = (
				358CEA612360D4050047B532 /* Debug */,
				358CEA622360D4050047B532 /* Release */,
			);
			defaultConfigurationIsVisible = 0;
			defaultConfigurationName = Release;
		};
/* End XCConfigurationList section */
	};
	rootObject = 358CEA442360D4030047B532 /* Project object */;
}
